
Microsoft Visual Studio Solution File, Format Version 12.00
# Visual Studio 15
VisualStudioVersion = 15.0.28307.1758
MinimumVisualStudioVersion = 10.0.40219.1
Project("{FAE04EC0-301F-11D3-BF4B-00C04F79EFBC}") = "puzzle5", "puzzle5.csproj", "{8FBFD8A2-845C-43D5-AA53-54E2A0515FB6}"
EndProject
Project("{FAE04EC0-301F-11D3-BF4B-00C04F79EFBC}") = "puzzle5part2", "..\puzzle5part2\puzzle5part2.csproj", "{C4063E35-9991-4703-A50C-E888F7896D23}"
EndProject
Global
	GlobalSection(SolutionConfigurationPlatforms) = preSolution
		Debug|Any CPU = Debug|Any CPU
		Release|Any CPU = Release|Any CPU
	EndGlobalSection
	GlobalSection(ProjectConfigurationPlatforms) = postSolution
		{8FBFD8A2-845C-43D5-AA53-54E2A0515FB6}.Debug|Any CPU.ActiveCfg = Debug|Any CPU
		{8FBFD8A2-845C-43D5-AA53-54E2A0515FB6}.Debug|Any CPU.Build.0 = Debug|Any CPU
		{8FBFD8A2-845C-43D5-AA53-54E2A0515FB6}.Release|Any CPU.ActiveCfg = Release|Any CPU
		{8FBFD8A2-845C-43D5-AA53-54E2A0515FB6}.Release|Any CPU.Build.0 = Release|Any CPU
		{C4063E35-9991-4703-A50C-E888F7896D23}.Debug|Any CPU.ActiveCfg = Debug|Any CPU
		{C4063E35-9991-4703-A50C-E888F7896D23}.Debug|Any CPU.Build.0 = Debug|Any CPU
		{C4063E35-9991-4703-A50C-E888F7896D23}.Release|Any CPU.ActiveCfg = Release|Any CPU
		{C4063E35-9991-4703-A50C-E888F7896D23}.Release|Any CPU.Build.0 = Release|Any CPU
	EndGlobalSection
	GlobalSection(SolutionProperties) = preSolution
		HideSolutionNode = FALSE
	EndGlobalSection
	GlobalSection(ExtensibilityGlobals) = postSolution
		SolutionGuid = {4E29D8B4-89B8-4568-AE0D-586016559678}
	EndGlobalSection
EndGlobal
